
PODS:
- AFNetworking (1.2.1)
- JPLogger (0.0.1):
  - AFNetworking (~> 1.2.1)

DEPENDENCIES:
- JPLogger (from `../')

EXTERNAL SOURCES:
  JPLogger:
    :local: ../

SPEC CHECKSUMS:
  AFNetworking: 616da0028916ce296f5c3cef74e5552eb4e10e13
  JPLogger: a2cbad092eb7d7c6a56d66a9f0a639a68e2f8229

COCOAPODS: 0.15.2
